{
  "nodes": {
    "nixpkgs": {
      "locked": {
        "lastModified": 1691486536,
        "narHash": "sha256-W2jYTn6rNiJEpjXkOiZxNltgxxwgeZE5cQ967NgsrHU=",
        "owner": "NixOS",
        "repo": "nixpkgs",
        "rev": "8fa39adf946a4470610b38fd7aff0a73ad4356c3",
        "type": "github"
      },
      "original": {
        "owner": "NixOS",
        "ref": "nixos-23.05-small",
        "repo": "nixpkgs",
        "type": "github"
      }
    },
    "root": {
      "inputs": {
        "nixpkgs": "nixpkgs"
      }
    }
  },
  "root": "root",
  "version": 7
}
